
Microsoft Visual Studio Solution File, Format Version 12.00
# Visual Studio 15
VisualStudioVersion = 15.0.28010.2016
MinimumVisualStudioVersion = 10.0.40219.1
Project("{FAE04EC0-301F-11D3-BF4B-00C04F79EFBC}") = "IgorMonteiroTheMainWords", "IgorMonteiroTheMainWords\IgorMonteiroTheMainWords.csproj", "{D9030D1D-95BD-4E62-998A-A63CBB03C2A8}"
EndProject
Project("{FAE04EC0-301F-11D3-BF4B-00C04F79EFBC}") = "TheMainWords.Test", "TheMainWords.Test\TheMainWords.Test.csproj", "{4EECF71D-BE62-49C4-B10A-7E7758F2A026}"
EndProject
Global
	GlobalSection(SolutionConfigurationPlatforms) = preSolution
		Debug|Any CPU = Debug|Any CPU
		Release|Any CPU = Release|Any CPU
	EndGlobalSection
	GlobalSection(ProjectConfigurationPlatforms) = postSolution
		{D9030D1D-95BD-4E62-998A-A63CBB03C2A8}.Debug|Any CPU.ActiveCfg = Debug|Any CPU
		{D9030D1D-95BD-4E62-998A-A63CBB03C2A8}.Debug|Any CPU.Build.0 = Debug|Any CPU
		{D9030D1D-95BD-4E62-998A-A63CBB03C2A8}.Release|Any CPU.ActiveCfg = Release|Any CPU
		{D9030D1D-95BD-4E62-998A-A63CBB03C2A8}.Release|Any CPU.Build.0 = Release|Any CPU
		{4EECF71D-BE62-49C4-B10A-7E7758F2A026}.Debug|Any CPU.ActiveCfg = Debug|Any CPU
		{4EECF71D-BE62-49C4-B10A-7E7758F2A026}.Debug|Any CPU.Build.0 = Debug|Any CPU
		{4EECF71D-BE62-49C4-B10A-7E7758F2A026}.Release|Any CPU.ActiveCfg = Release|Any CPU
		{4EECF71D-BE62-49C4-B10A-7E7758F2A026}.Release|Any CPU.Build.0 = Release|Any CPU
	EndGlobalSection
	GlobalSection(SolutionProperties) = preSolution
		HideSolutionNode = FALSE
	EndGlobalSection
	GlobalSection(ExtensibilityGlobals) = postSolution
		SolutionGuid = {2AD2C3EC-1C93-4D45-BE7F-A2BEB95A15C5}
	EndGlobalSection
EndGlobal
